// !$*UTF8*$!
{
	archiveVersion = 1;
	classes = {
	};
	objectVersion = 56;
	objects = {

/* Begin PBXBuildFile section */
		ABA486412BF38A8800B65CB9 /* AppDelegate.swift in Sources */ = {isa = PBXBuildFile; fileRef = ABA486402BF38A8800B65CB9 /* AppDelegate.swift */; };
		ABA486432BF38A8800B65CB9 /* SceneDelegate.swift in Sources */ = {isa = PBXBuildFile; fileRef = ABA486422BF38A8800B65CB9 /* SceneDelegate.swift */; };
		ABA486452BF38A8800B65CB9 /* HomeViewController.swift in Sources */ = {isa = PBXBuildFile; fileRef = ABA486442BF38A8800B65CB9 /* HomeViewController.swift */; };
		ABA486482BF38A8800B65CB9 /* Base in Resources */ = {isa = PBXBuildFile; fileRef = ABA486472BF38A8800B65CB9 /* Base */; };
		ABA4864A2BF38A8B00B65CB9 /* Assets.xcassets in Resources */ = {isa = PBXBuildFile; fileRef = ABA486492BF38A8B00B65CB9 /* Assets.xcassets */; };
		ABA4864D2BF38A8B00B65CB9 /* Base in Resources */ = {isa = PBXBuildFile; fileRef = ABA4864C2BF38A8B00B65CB9 /* Base */; };
		ABA486582BF38A8C00B65CB9 /* DesafioBornlogicTests.swift in Sources */ = {isa = PBXBuildFile; fileRef = ABA486572BF38A8C00B65CB9 /* DesafioBornlogicTests.swift */; };
		ABA486622BF38A8C00B65CB9 /* DesafioBornlogicUITests.swift in Sources */ = {isa = PBXBuildFile; fileRef = ABA486612BF38A8C00B65CB9 /* DesafioBornlogicUITests.swift */; };
		ABA486642BF38A8C00B65CB9 /* DesafioBornlogicUITestsLaunchTests.swift in Sources */ = {isa = PBXBuildFile; fileRef = ABA486632BF38A8C00B65CB9 /* DesafioBornlogicUITestsLaunchTests.swift */; };
		ABA4867C2BF390D000B65CB9 /* HomeViewModel.swift in Sources */ = {isa = PBXBuildFile; fileRef = ABA4867B2BF390D000B65CB9 /* HomeViewModel.swift */; };
		ABA4867E2BF395AC00B65CB9 /* NewsArticle.swift in Sources */ = {isa = PBXBuildFile; fileRef = ABA4867D2BF395AC00B65CB9 /* NewsArticle.swift */; };
		ABA486812BF3974E00B65CB9 /* HomeCell.swift in Sources */ = {isa = PBXBuildFile; fileRef = ABA486802BF3974E00B65CB9 /* HomeCell.swift */; };
		ABA486832BF3A21700B65CB9 /* NewsService.swift in Sources */ = {isa = PBXBuildFile; fileRef = ABA486822BF3A21700B65CB9 /* NewsService.swift */; };
		ABA486862BF3B45E00B65CB9 /* ArticleViewController.swift in Sources */ = {isa = PBXBuildFile; fileRef = ABA486852BF3B45E00B65CB9 /* ArticleViewController.swift */; };
		ABA4868A2BF3B53500B65CB9 /* ArticleView.swift in Sources */ = {isa = PBXBuildFile; fileRef = ABA486892BF3B53500B65CB9 /* ArticleView.swift */; };
/* End PBXBuildFile section */

/* Begin PBXContainerItemProxy section */
		ABA486542BF38A8C00B65CB9 /* PBXContainerItemProxy */ = {
			isa = PBXContainerItemProxy;
			containerPortal = ABA486352BF38A8800B65CB9 /* Project object */;
			proxyType = 1;
			remoteGlobalIDString = ABA4863C2BF38A8800B65CB9;
			remoteInfo = DesafioBornlogic;
		};
		ABA4865E2BF38A8C00B65CB9 /* PBXContainerItemProxy */ = {
			isa = PBXContainerItemProxy;
			containerPortal = ABA486352BF38A8800B65CB9 /* Project object */;
			proxyType = 1;
			remoteGlobalIDString = ABA4863C2BF38A8800B65CB9;
			remoteInfo = DesafioBornlogic;
		};
/* End PBXContainerItemProxy section */

/* Begin PBXFileReference section */
		ABA4863D2BF38A8800B65CB9 /* DesafioBornlogic.app */ = {isa = PBXFileReference; explicitFileType = wrapper.application; includeInIndex = 0; path = DesafioBornlogic.app; sourceTree = BUILT_PRODUCTS_DIR; };
		ABA486402BF38A8800B65CB9 /* AppDelegate.swift */ = {isa = PBXFileReference; lastKnownFileType = sourcecode.swift; path = AppDelegate.swift; sourceTree = "<group>"; };
		ABA486422BF38A8800B65CB9 /* SceneDelegate.swift */ = {isa = PBXFileReference; lastKnownFileType = sourcecode.swift; path = SceneDelegate.swift; sourceTree = "<group>"; };
		ABA486442BF38A8800B65CB9 /* HomeViewController.swift */ = {isa = PBXFileReference; lastKnownFileType = sourcecode.swift; path = HomeViewController.swift; sourceTree = "<group>"; };
		ABA486472BF38A8800B65CB9 /* Base */ = {isa = PBXFileReference; lastKnownFileType = file.storyboard; name = Base; path = Base.lproj/Main.storyboard; sourceTree = "<group>"; };
		ABA486492BF38A8B00B65CB9 /* Assets.xcassets */ = {isa = PBXFileReference; lastKnownFileType = folder.assetcatalog; path = Assets.xcassets; sourceTree = "<group>"; };
		ABA4864C2BF38A8B00B65CB9 /* Base */ = {isa = PBXFileReference; lastKnownFileType = file.storyboard; name = Base; path = Base.lproj/LaunchScreen.storyboard; sourceTree = "<group>"; };
		ABA4864E2BF38A8B00B65CB9 /* Info.plist */ = {isa = PBXFileReference; lastKnownFileType = text.plist.xml; path = Info.plist; sourceTree = "<group>"; };
		ABA486532BF38A8C00B65CB9 /* DesafioBornlogicTests.xctest */ = {isa = PBXFileReference; explicitFileType = wrapper.cfbundle; includeInIndex = 0; path = DesafioBornlogicTests.xctest; sourceTree = BUILT_PRODUCTS_DIR; };
		ABA486572BF38A8C00B65CB9 /* DesafioBornlogicTests.swift */ = {isa = PBXFileReference; lastKnownFileType = sourcecode.swift; path = DesafioBornlogicTests.swift; sourceTree = "<group>"; };
		ABA4865D2BF38A8C00B65CB9 /* DesafioBornlogicUITests.xctest */ = {isa = PBXFileReference; explicitFileType = wrapper.cfbundle; includeInIndex = 0; path = DesafioBornlogicUITests.xctest; sourceTree = BUILT_PRODUCTS_DIR; };
		ABA486612BF38A8C00B65CB9 /* DesafioBornlogicUITests.swift */ = {isa = PBXFileReference; lastKnownFileType = sourcecode.swift; path = DesafioBornlogicUITests.swift; sourceTree = "<group>"; };
		ABA486632BF38A8C00B65CB9 /* DesafioBornlogicUITestsLaunchTests.swift */ = {isa = PBXFileReference; lastKnownFileType = sourcecode.swift; path = DesafioBornlogicUITestsLaunchTests.swift; sourceTree = "<group>"; };
		ABA4867B2BF390D000B65CB9 /* HomeViewModel.swift */ = {isa = PBXFileReference; lastKnownFileType = sourcecode.swift; path = HomeViewModel.swift; sourceTree = "<group>"; };
		ABA4867D2BF395AC00B65CB9 /* NewsArticle.swift */ = {isa = PBXFileReference; lastKnownFileType = sourcecode.swift; path = NewsArticle.swift; sourceTree = "<group>"; };
		ABA486802BF3974E00B65CB9 /* HomeCell.swift */ = {isa = PBXFileReference; lastKnownFileType = sourcecode.swift; path = HomeCell.swift; sourceTree = "<group>"; };
		ABA486822BF3A21700B65CB9 /* NewsService.swift */ = {isa = PBXFileReference; lastKnownFileType = sourcecode.swift; path = NewsService.swift; sourceTree = "<group>"; };
		ABA486852BF3B45E00B65CB9 /* ArticleViewController.swift */ = {isa = PBXFileReference; lastKnownFileType = sourcecode.swift; path = ArticleViewController.swift; sourceTree = "<group>"; };
		ABA486892BF3B53500B65CB9 /* ArticleView.swift */ = {isa = PBXFileReference; lastKnownFileType = sourcecode.swift; path = ArticleView.swift; sourceTree = "<group>"; };
/* End PBXFileReference section */

/* Begin PBXFrameworksBuildPhase section */
		ABA4863A2BF38A8800B65CB9 /* Frameworks */ = {
			isa = PBXFrameworksBuildPhase;
			buildActionMask = 2147483647;
			files = (
			);
			runOnlyForDeploymentPostprocessing = 0;
		};
		ABA486502BF38A8C00B65CB9 /* Frameworks */ = {
			isa = PBXFrameworksBuildPhase;
			buildActionMask = 2147483647;
			files = (
			);
			runOnlyForDeploymentPostprocessing = 0;
		};
		ABA4865A2BF38A8C00B65CB9 /* Frameworks */ = {
			isa = PBXFrameworksBuildPhase;
			buildActionMask = 2147483647;
			files = (
			);
			runOnlyForDeploymentPostprocessing = 0;
		};
/* End PBXFrameworksBuildPhase section */

/* Begin PBXGroup section */
		ABA486342BF38A8800B65CB9 = {
			isa = PBXGroup;
			children = (
				ABA4863F2BF38A8800B65CB9 /* DesafioBornlogic */,
				ABA486562BF38A8C00B65CB9 /* DesafioBornlogicTests */,
				ABA486602BF38A8C00B65CB9 /* DesafioBornlogicUITests */,
				ABA4863E2BF38A8800B65CB9 /* Products */,
			);
			sourceTree = "<group>";
		};
		ABA4863E2BF38A8800B65CB9 /* Products */ = {
			isa = PBXGroup;
			children = (
				ABA4863D2BF38A8800B65CB9 /* DesafioBornlogic.app */,
				ABA486532BF38A8C00B65CB9 /* DesafioBornlogicTests.xctest */,
				ABA4865D2BF38A8C00B65CB9 /* DesafioBornlogicUITests.xctest */,
			);
			name = Products;
			sourceTree = "<group>";
		};
		ABA4863F2BF38A8800B65CB9 /* DesafioBornlogic */ = {
			isa = PBXGroup;
			children = (
				ABA4867A2BF3907B00B65CB9 /* Service */,
				ABA486762BF3903500B65CB9 /* Model */,
				ABA486712BF3900A00B65CB9 /* Scenes */,
				ABA486702BF38DB600B65CB9 /* Config */,
				ABA486402BF38A8800B65CB9 /* AppDelegate.swift */,
				ABA486422BF38A8800B65CB9 /* SceneDelegate.swift */,
				ABA4864E2BF38A8B00B65CB9 /* Info.plist */,
			);
			path = DesafioBornlogic;
			sourceTree = "<group>";
		};
		ABA486562BF38A8C00B65CB9 /* DesafioBornlogicTests */ = {
			isa = PBXGroup;
			children = (
				ABA486572BF38A8C00B65CB9 /* DesafioBornlogicTests.swift */,
			);
			path = DesafioBornlogicTests;
			sourceTree = "<group>";
		};
		ABA486602BF38A8C00B65CB9 /* DesafioBornlogicUITests */ = {
			isa = PBXGroup;
			children = (
				ABA486612BF38A8C00B65CB9 /* DesafioBornlogicUITests.swift */,
				ABA486632BF38A8C00B65CB9 /* DesafioBornlogicUITestsLaunchTests.swift */,
			);
			path = DesafioBornlogicUITests;
			sourceTree = "<group>";
		};
		ABA486702BF38DB600B65CB9 /* Config */ = {
			isa = PBXGroup;
			children = (
				ABA486462BF38A8800B65CB9 /* Main.storyboard */,
				ABA486492BF38A8B00B65CB9 /* Assets.xcassets */,
				ABA4864B2BF38A8B00B65CB9 /* LaunchScreen.storyboard */,
			);
			path = Config;
			sourceTree = "<group>";
		};
		ABA486712BF3900A00B65CB9 /* Scenes */ = {
			isa = PBXGroup;
			children = (
				ABA486842BF3B44400B65CB9 /* Acticle */,
				ABA486722BF3900F00B65CB9 /* Home */,
			);
			path = Scenes;
			sourceTree = "<group>";
		};
		ABA486722BF3900F00B65CB9 /* Home */ = {
			isa = PBXGroup;
			children = (
				ABA486792BF3907600B65CB9 /* View */,
				ABA486782BF3906300B65CB9 /* ViewModel */,
			);
			path = Home;
			sourceTree = "<group>";
		};
		ABA486762BF3903500B65CB9 /* Model */ = {
			isa = PBXGroup;
			children = (
				ABA4867D2BF395AC00B65CB9 /* NewsArticle.swift */,
			);
			path = Model;
			sourceTree = "<group>";
		};
		ABA486782BF3906300B65CB9 /* ViewModel */ = {
			isa = PBXGroup;
			children = (
				ABA4867B2BF390D000B65CB9 /* HomeViewModel.swift */,
			);
			path = ViewModel;
			sourceTree = "<group>";
		};
		ABA486792BF3907600B65CB9 /* View */ = {
			isa = PBXGroup;
			children = (
				ABA4867F2BF3973A00B65CB9 /* Cell */,
				ABA486442BF38A8800B65CB9 /* HomeViewController.swift */,
			);
			path = View;
			sourceTree = "<group>";
		};
		ABA4867A2BF3907B00B65CB9 /* Service */ = {
			isa = PBXGroup;
			children = (
				ABA486822BF3A21700B65CB9 /* NewsService.swift */,
			);
			path = Service;
			sourceTree = "<group>";
		};
		ABA4867F2BF3973A00B65CB9 /* Cell */ = {
			isa = PBXGroup;
			children = (
				ABA486802BF3974E00B65CB9 /* HomeCell.swift */,
			);
			path = Cell;
			sourceTree = "<group>";
		};
		ABA486842BF3B44400B65CB9 /* Acticle */ = {
			isa = PBXGroup;
			children = (
				ABA486852BF3B45E00B65CB9 /* ArticleViewController.swift */,
				ABA486892BF3B53500B65CB9 /* ArticleView.swift */,
			);
			path = Acticle;
			sourceTree = "<group>";
		};
/* End PBXGroup section */

/* Begin PBXNativeTarget section */
		ABA4863C2BF38A8800B65CB9 /* DesafioBornlogic */ = {
			isa = PBXNativeTarget;
			buildConfigurationList = ABA486672BF38A8C00B65CB9 /* Build configuration list for PBXNativeTarget "DesafioBornlogic" */;
			buildPhases = (
				ABA486392BF38A8800B65CB9 /* Sources */,
				ABA4863A2BF38A8800B65CB9 /* Frameworks */,
				ABA4863B2BF38A8800B65CB9 /* Resources */,
			);
			buildRules = (
			);
			dependencies = (
			);
			name = DesafioBornlogic;
			productName = DesafioBornlogic;
			productReference = ABA4863D2BF38A8800B65CB9 /* DesafioBornlogic.app */;
			productType = "com.apple.product-type.application";
		};
		ABA486522BF38A8C00B65CB9 /* DesafioBornlogicTests */ = {
			isa = PBXNativeTarget;
			buildConfigurationList = ABA4866A2BF38A8C00B65CB9 /* Build configuration list for PBXNativeTarget "DesafioBornlogicTests" */;
			buildPhases = (
				ABA4864F2BF38A8C00B65CB9 /* Sources */,
				ABA486502BF38A8C00B65CB9 /* Frameworks */,
				ABA486512BF38A8C00B65CB9 /* Resources */,
			);
			buildRules = (
			);
			dependencies = (
				ABA486552BF38A8C00B65CB9 /* PBXTargetDependency */,
			);
			name = DesafioBornlogicTests;
			productName = DesafioBornlogicTests;
			productReference = ABA486532BF38A8C00B65CB9 /* DesafioBornlogicTests.xctest */;
			productType = "com.apple.product-type.bundle.unit-test";
		};
		ABA4865C2BF38A8C00B65CB9 /* DesafioBornlogicUITests */ = {
			isa = PBXNativeTarget;
			buildConfigurationList = ABA4866D2BF38A8C00B65CB9 /* Build configuration list for PBXNativeTarget "DesafioBornlogicUITests" */;
			buildPhases = (
				ABA486592BF38A8C00B65CB9 /* Sources */,
				ABA4865A2BF38A8C00B65CB9 /* Frameworks */,
				ABA4865B2BF38A8C00B65CB9 /* Resources */,
			);
			buildRules = (
			);
			dependencies = (
				ABA4865F2BF38A8C00B65CB9 /* PBXTargetDependency */,
			);
			name = DesafioBornlogicUITests;
			productName = DesafioBornlogicUITests;
			productReference = ABA4865D2BF38A8C00B65CB9 /* DesafioBornlogicUITests.xctest */;
			productType = "com.apple.product-type.bundle.ui-testing";
		};
/* End PBXNativeTarget section */

/* Begin PBXProject section */
		ABA486352BF38A8800B65CB9 /* Project object */ = {
			isa = PBXProject;
			attributes = {
				BuildIndependentTargetsInParallel = 1;
				LastSwiftUpdateCheck = 1530;
				LastUpgradeCheck = 1530;
				TargetAttributes = {
					ABA4863C2BF38A8800B65CB9 = {
						CreatedOnToolsVersion = 15.3;
					};
					ABA486522BF38A8C00B65CB9 = {
						CreatedOnToolsVersion = 15.3;
						TestTargetID = ABA4863C2BF38A8800B65CB9;
					};
					ABA4865C2BF38A8C00B65CB9 = {
						CreatedOnToolsVersion = 15.3;
						TestTargetID = ABA4863C2BF38A8800B65CB9;
					};
				};
			};
			buildConfigurationList = ABA486382BF38A8800B65CB9 /* Build configuration list for PBXProject "DesafioBornlogic" */;
			compatibilityVersion = "Xcode 14.0";
			developmentRegion = en;
			hasScannedForEncodings = 0;
			knownRegions = (
				en,
				Base,
			);
			mainGroup = ABA486342BF38A8800B65CB9;
			productRefGroup = ABA4863E2BF38A8800B65CB9 /* Products */;
			projectDirPath = "";
			projectRoot = "";
			targets = (
				ABA4863C2BF38A8800B65CB9 /* DesafioBornlogic */,
				ABA486522BF38A8C00B65CB9 /* DesafioBornlogicTests */,
				ABA4865C2BF38A8C00B65CB9 /* DesafioBornlogicUITests */,
			);
		};
/* End PBXProject section */

/* Begin PBXResourcesBuildPhase section */
		ABA4863B2BF38A8800B65CB9 /* Resources */ = {
			isa = PBXResourcesBuildPhase;
			buildActionMask = 2147483647;
			files = (
				ABA4864A2BF38A8B00B65CB9 /* Assets.xcassets in Resources */,
				ABA4864D2BF38A8B00B65CB9 /* Base in Resources */,
				ABA486482BF38A8800B65CB9 /* Base in Resources */,
			);
			runOnlyForDeploymentPostprocessing = 0;
		};
		ABA486512BF38A8C00B65CB9 /* Resources */ = {
			isa = PBXResourcesBuildPhase;
			buildActionMask = 2147483647;
			files = (
			);
			runOnlyForDeploymentPostprocessing = 0;
		};
		ABA4865B2BF38A8C00B65CB9 /* Resources */ = {
			isa = PBXResourcesBuildPhase;
			buildActionMask = 2147483647;
			files = (
			);
			runOnlyForDeploymentPostprocessing = 0;
		};
/* End PBXResourcesBuildPhase section */

/* Begin PBXSourcesBuildPhase section */
		ABA486392BF38A8800B65CB9 /* Sources */ = {
			isa = PBXSourcesBuildPhase;
			buildActionMask = 2147483647;
			files = (
				ABA486832BF3A21700B65CB9 /* NewsService.swift in Sources */,
				ABA486862BF3B45E00B65CB9 /* ArticleViewController.swift in Sources */,
				ABA486452BF38A8800B65CB9 /* HomeViewController.swift in Sources */,
				ABA486412BF38A8800B65CB9 /* AppDelegate.swift in Sources */,
				ABA486432BF38A8800B65CB9 /* SceneDelegate.swift in Sources */,
				ABA4867E2BF395AC00B65CB9 /* NewsArticle.swift in Sources */,
				ABA486812BF3974E00B65CB9 /* HomeCell.swift in Sources */,
				ABA4868A2BF3B53500B65CB9 /* ArticleView.swift in Sources */,
				ABA4867C2BF390D000B65CB9 /* HomeViewModel.swift in Sources */,
			);
			runOnlyForDeploymentPostprocessing = 0;
		};
		ABA4864F2BF38A8C00B65CB9 /* Sources */ = {
			isa = PBXSourcesBuildPhase;
			buildActionMask = 2147483647;
			files = (
				ABA486582BF38A8C00B65CB9 /* DesafioBornlogicTests.swift in Sources */,
			);
			runOnlyForDeploymentPostprocessing = 0;
		};
		ABA486592BF38A8C00B65CB9 /* Sources */ = {
			isa = PBXSourcesBuildPhase;
			buildActionMask = 2147483647;
			files = (
				ABA486642BF38A8C00B65CB9 /* DesafioBornlogicUITestsLaunchTests.swift in Sources */,
				ABA486622BF38A8C00B65CB9 /* DesafioBornlogicUITests.swift in Sources */,
			);
			runOnlyForDeploymentPostprocessing = 0;
		};
/* End PBXSourcesBuildPhase section */

/* Begin PBXTargetDependency section */
		ABA486552BF38A8C00B65CB9 /* PBXTargetDependency */ = {
			isa = PBXTargetDependency;
			target = ABA4863C2BF38A8800B65CB9 /* DesafioBornlogic */;
			targetProxy = ABA486542BF38A8C00B65CB9 /* PBXContainerItemProxy */;
		};
		ABA4865F2BF38A8C00B65CB9 /* PBXTargetDependency */ = {
			isa = PBXTargetDependency;
			target = ABA4863C2BF38A8800B65CB9 /* DesafioBornlogic */;
			targetProxy = ABA4865E2BF38A8C00B65CB9 /* PBXContainerItemProxy */;
		};
/* End PBXTargetDependency section */

/* Begin PBXVariantGroup section */
		ABA486462BF38A8800B65CB9 /* Main.storyboard */ = {
			isa = PBXVariantGroup;
			children = (
				ABA486472BF38A8800B65CB9 /* Base */,
			);
			name = Main.storyboard;
			sourceTree = "<group>";
		};
		ABA4864B2BF38A8B00B65CB9 /* LaunchScreen.storyboard */ = {
			isa = PBXVariantGroup;
			children = (
				ABA4864C2BF38A8B00B65CB9 /* Base */,
			);
			name = LaunchScreen.storyboard;
			sourceTree = "<group>";
		};
/* End PBXVariantGroup section */

/* Begin XCBuildConfiguration section */
		ABA486652BF38A8C00B65CB9 /* Debug */ = {
			isa = XCBuildConfiguration;
			buildSettings = {
				ALWAYS_SEARCH_USER_PATHS = NO;
				ASSETCATALOG_COMPILER_GENERATE_SWIFT_ASSET_SYMBOL_EXTENSIONS = YES;
				CLANG_ANALYZER_NONNULL = YES;
				CLANG_ANALYZER_NUMBER_OBJECT_CONVERSION = YES_AGGRESSIVE;
				CLANG_CXX_LANGUAGE_STANDARD = "gnu++20";
				CLANG_ENABLE_MODULES = YES;
				CLANG_ENABLE_OBJC_ARC = YES;
				CLANG_ENABLE_OBJC_WEAK = YES;
				CLANG_WARN_BLOCK_CAPTURE_AUTORELEASING = YES;
				CLANG_WARN_BOOL_CONVERSION = YES;
				CLANG_WARN_COMMA = YES;
				CLANG_WARN_CONSTANT_CONVERSION = YES;
				CLANG_WARN_DEPRECATED_OBJC_IMPLEMENTATIONS = YES;
				CLANG_WARN_DIRECT_OBJC_ISA_USAGE = YES_ERROR;
				CLANG_WARN_DOCUMENTATION_COMMENTS = YES;
				CLANG_WARN_EMPTY_BODY = YES;
				CLANG_WARN_ENUM_CONVERSION = YES;
				CLANG_WARN_INFINITE_RECURSION = YES;
				CLANG_WARN_INT_CONVERSION = YES;
				CLANG_WARN_NON_LITERAL_NULL_CONVERSION = YES;
				CLANG_WARN_OBJC_IMPLICIT_RETAIN_SELF = YES;
				CLANG_WARN_OBJC_LITERAL_CONVERSION = YES;
				CLANG_WARN_OBJC_ROOT_CLASS = YES_ERROR;
				CLANG_WARN_QUOTED_INCLUDE_IN_FRAMEWORK_HEADER = YES;
				CLANG_WARN_RANGE_LOOP_ANALYSIS = YES;
				CLANG_WARN_STRICT_PROTOTYPES = YES;
				CLANG_WARN_SUSPICIOUS_MOVE = YES;
				CLANG_WARN_UNGUARDED_AVAILABILITY = YES_AGGRESSIVE;
				CLANG_WARN_UNREACHABLE_CODE = YES;
				CLANG_WARN__DUPLICATE_METHOD_MATCH = YES;
				COPY_PHASE_STRIP = NO;
				DEBUG_INFORMATION_FORMAT = dwarf;
				ENABLE_STRICT_OBJC_MSGSEND = YES;
				ENABLE_TESTABILITY = YES;
				ENABLE_USER_SCRIPT_SANDBOXING = YES;
				GCC_C_LANGUAGE_STANDARD = gnu17;
				GCC_DYNAMIC_NO_PIC = NO;
				GCC_NO_COMMON_BLOCKS = YES;
				GCC_OPTIMIZATION_LEVEL = 0;
				GCC_PREPROCESSOR_DEFINITIONS = (
					"DEBUG=1",
					"$(inherited)",
				);
				GCC_WARN_64_TO_32_BIT_CONVERSION = YES;
				GCC_WARN_ABOUT_RETURN_TYPE = YES_ERROR;
				GCC_WARN_UNDECLARED_SELECTOR = YES;
				GCC_WARN_UNINITIALIZED_AUTOS = YES_AGGRESSIVE;
				GCC_WARN_UNUSED_FUNCTION = YES;
				GCC_WARN_UNUSED_VARIABLE = YES;
				IPHONEOS_DEPLOYMENT_TARGET = 17.4;
				LOCALIZATION_PREFERS_STRING_CATALOGS = YES;
				MTL_ENABLE_DEBUG_INFO = INCLUDE_SOURCE;
				MTL_FAST_MATH = YES;
				ONLY_ACTIVE_ARCH = YES;
				SDKROOT = iphoneos;
				SWIFT_ACTIVE_COMPILATION_CONDITIONS = "DEBUG $(inherited)";
				SWIFT_OPTIMIZATION_LEVEL = "-Onone";
			};
			name = Debug;
		};
		ABA486662BF38A8C00B65CB9 /* Release */ = {
			isa = XCBuildConfiguration;
			buildSettings = {
				ALWAYS_SEARCH_USER_PATHS = NO;
				ASSETCATALOG_COMPILER_GENERATE_SWIFT_ASSET_SYMBOL_EXTENSIONS = YES;
				CLANG_ANALYZER_NONNULL = YES;
				CLANG_ANALYZER_NUMBER_OBJECT_CONVERSION = YES_AGGRESSIVE;
				CLANG_CXX_LANGUAGE_STANDARD = "gnu++20";
				CLANG_ENABLE_MODULES = YES;
				CLANG_ENABLE_OBJC_ARC = YES;
				CLANG_ENABLE_OBJC_WEAK = YES;
				CLANG_WARN_BLOCK_CAPTURE_AUTORELEASING = YES;
				CLANG_WARN_BOOL_CONVERSION = YES;
				CLANG_WARN_COMMA = YES;
				CLANG_WARN_CONSTANT_CONVERSION = YES;
				CLANG_WARN_DEPRECATED_OBJC_IMPLEMENTATIONS = YES;
				CLANG_WARN_DIRECT_OBJC_ISA_USAGE = YES_ERROR;
				CLANG_WARN_DOCUMENTATION_COMMENTS = YES;
				CLANG_WARN_EMPTY_BODY = YES;
				CLANG_WARN_ENUM_CONVERSION = YES;
				CLANG_WARN_INFINITE_RECURSION = YES;
				CLANG_WARN_INT_CONVERSION = YES;
				CLANG_WARN_NON_LITERAL_NULL_CONVERSION = YES;
				CLANG_WARN_OBJC_IMPLICIT_RETAIN_SELF = YES;
				CLANG_WARN_OBJC_LITERAL_CONVERSION = YES;
				CLANG_WARN_OBJC_ROOT_CLASS = YES_ERROR;
				CLANG_WARN_QUOTED_INCLUDE_IN_FRAMEWORK_HEADER = YES;
				CLANG_WARN_RANGE_LOOP_ANALYSIS = YES;
				CLANG_WARN_STRICT_PROTOTYPES = YES;
				CLANG_WARN_SUSPICIOUS_MOVE = YES;
				CLANG_WARN_UNGUARDED_AVAILABILITY = YES_AGGRESSIVE;
				CLANG_WARN_UNREACHABLE_CODE = YES;
				CLANG_WARN__DUPLICATE_METHOD_MATCH = YES;
				COPY_PHASE_STRIP = NO;
				DEBUG_INFORMATION_FORMAT = "dwarf-with-dsym";
				ENABLE_NS_ASSERTIONS = NO;
				ENABLE_STRICT_OBJC_MSGSEND = YES;
				ENABLE_USER_SCRIPT_SANDBOXING = YES;
				GCC_C_LANGUAGE_STANDARD = gnu17;
				GCC_NO_COMMON_BLOCKS = YES;
				GCC_WARN_64_TO_32_BIT_CONVERSION = YES;
				GCC_WARN_ABOUT_RETURN_TYPE = YES_ERROR;
				GCC_WARN_UNDECLARED_SELECTOR = YES;
				GCC_WARN_UNINITIALIZED_AUTOS = YES_AGGRESSIVE;
				GCC_WARN_UNUSED_FUNCTION = YES;
				GCC_WARN_UNUSED_VARIABLE = YES;
				IPHONEOS_DEPLOYMENT_TARGET = 17.4;
				LOCALIZATION_PREFERS_STRING_CATALOGS = YES;
				MTL_ENABLE_DEBUG_INFO = NO;
				MTL_FAST_MATH = YES;
				SDKROOT = iphoneos;
				SWIFT_COMPILATION_MODE = wholemodule;
				VALIDATE_PRODUCT = YES;
			};
			name = Release;
		};
		ABA486682BF38A8C00B65CB9 /* Debug */ = {
			isa = XCBuildConfiguration;
			buildSettings = {
				ASSETCATALOG_COMPILER_APPICON_NAME = AppIcon;
				ASSETCATALOG_COMPILER_GLOBAL_ACCENT_COLOR_NAME = AccentColor;
				CODE_SIGN_STYLE = Automatic;
				CURRENT_PROJECT_VERSION = 1;
				GENERATE_INFOPLIST_FILE = YES;
				INFOPLIST_FILE = DesafioBornlogic/Info.plist;
				INFOPLIST_KEY_UIApplicationSupportsIndirectInputEvents = YES;
				INFOPLIST_KEY_UILaunchStoryboardName = LaunchScreen;
				INFOPLIST_KEY_UIMainStoryboardFile = Main;
				INFOPLIST_KEY_UISupportedInterfaceOrientations_iPad = "UIInterfaceOrientationPortrait UIInterfaceOrientationPortraitUpsideDown UIInterfaceOrientationLandscapeLeft UIInterfaceOrientationLandscapeRight";
				INFOPLIST_KEY_UISupportedInterfaceOrientations_iPhone = "UIInterfaceOrientationPortrait UIInterfaceOrientationLandscapeLeft UIInterfaceOrientationLandscapeRight";
				LD_RUNPATH_SEARCH_PATHS = (
					"$(inherited)",
					"@executable_path/Frameworks",
				);
				MARKETING_VERSION = 1.0;
				PRODUCT_BUNDLE_IDENTIFIER = andrearagao.DesafioBornlogic;
				PRODUCT_NAME = "$(TARGET_NAME)";
				SWIFT_EMIT_LOC_STRINGS = YES;
				SWIFT_VERSION = 5.0;
				TARGETED_DEVICE_FAMILY = "1,2";
			};
			name = Debug;
		};
		ABA486692BF38A8C00B65CB9 /* Release */ = {
			isa = XCBuildConfiguration;
			buildSettings = {
				ASSETCATALOG_COMPILER_APPICON_NAME = AppIcon;
				ASSETCATALOG_COMPILER_GLOBAL_ACCENT_COLOR_NAME = AccentColor;
				CODE_SIGN_STYLE = Automatic;
				CURRENT_PROJECT_VERSION = 1;
				GENERATE_INFOPLIST_FILE = YES;
				INFOPLIST_FILE = DesafioBornlogic/Info.plist;
				INFOPLIST_KEY_UIApplicationSupportsIndirectInputEvents = YES;
				INFOPLIST_KEY_UILaunchStoryboardName = LaunchScreen;
				INFOPLIST_KEY_UIMainStoryboardFile = Main;
				INFOPLIST_KEY_UISupportedInterfaceOrientations_iPad = "UIInterfaceOrientationPortrait UIInterfaceOrientationPortraitUpsideDown UIInterfaceOrientationLandscapeLeft UIInterfaceOrientationLandscapeRight";
				INFOPLIST_KEY_UISupportedInterfaceOrientations_iPhone = "UIInterfaceOrientationPortrait UIInterfaceOrientationLandscapeLeft UIInterfaceOrientationLandscapeRight";
				LD_RUNPATH_SEARCH_PATHS = (
					"$(inherited)",
					"@executable_path/Frameworks",
				);
				MARKETING_VERSION = 1.0;
				PRODUCT_BUNDLE_IDENTIFIER = andrearagao.DesafioBornlogic;
				PRODUCT_NAME = "$(TARGET_NAME)";
				SWIFT_EMIT_LOC_STRINGS = YES;
				SWIFT_VERSION = 5.0;
				TARGETED_DEVICE_FAMILY = "1,2";
			};
			name = Release;
		};
		ABA4866B2BF38A8C00B65CB9 /* Debug */ = {
			isa = XCBuildConfiguration;
			buildSettings = {
				ALWAYS_EMBED_SWIFT_STANDARD_LIBRARIES = YES;
				BUNDLE_LOADER = "$(TEST_HOST)";
				CODE_SIGN_STYLE = Automatic;
				CURRENT_PROJECT_VERSION = 1;
				GENERATE_INFOPLIST_FILE = YES;
				IPHONEOS_DEPLOYMENT_TARGET = 17.4;
				MARKETING_VERSION = 1.0;
				PRODUCT_BUNDLE_IDENTIFIER = andrearagao.DesafioBornlogicTests;
				PRODUCT_NAME = "$(TARGET_NAME)";
				SWIFT_EMIT_LOC_STRINGS = NO;
				SWIFT_VERSION = 5.0;
				TARGETED_DEVICE_FAMILY = "1,2";
				TEST_HOST = "$(BUILT_PRODUCTS_DIR)/DesafioBornlogic.app/$(BUNDLE_EXECUTABLE_FOLDER_PATH)/DesafioBornlogic";
			};
			name = Debug;
		};
		ABA4866C2BF38A8C00B65CB9 /* Release */ = {
			isa = XCBuildConfiguration;
			buildSettings = {
				ALWAYS_EMBED_SWIFT_STANDARD_LIBRARIES = YES;
				BUNDLE_LOADER = "$(TEST_HOST)";
				CODE_SIGN_STYLE = Automatic;
				CURRENT_PROJECT_VERSION = 1;
				GENERATE_INFOPLIST_FILE = YES;
				IPHONEOS_DEPLOYMENT_TARGET = 17.4;
				MARKETING_VERSION = 1.0;
				PRODUCT_BUNDLE_IDENTIFIER = andrearagao.DesafioBornlogicTests;
				PRODUCT_NAME = "$(TARGET_NAME)";
				SWIFT_EMIT_LOC_STRINGS = NO;
				SWIFT_VERSION = 5.0;
				TARGETED_DEVICE_FAMILY = "1,2";
				TEST_HOST = "$(BUILT_PRODUCTS_DIR)/DesafioBornlogic.app/$(BUNDLE_EXECUTABLE_FOLDER_PATH)/DesafioBornlogic";
			};
			name = Release;
		};
		ABA4866E2BF38A8C00B65CB9 /* Debug */ = {
			isa = XCBuildConfiguration;
			buildSettings = {
				ALWAYS_EMBED_SWIFT_STANDARD_LIBRARIES = YES;
				CODE_SIGN_STYLE = Automatic;
				CURRENT_PROJECT_VERSION = 1;
				GENERATE_INFOPLIST_FILE = YES;
				MARKETING_VERSION = 1.0;
				PRODUCT_BUNDLE_IDENTIFIER = andrearagao.DesafioBornlogicUITests;
				PRODUCT_NAME = "$(TARGET_NAME)";
				SWIFT_EMIT_LOC_STRINGS = NO;
				SWIFT_VERSION = 5.0;
				TARGETED_DEVICE_FAMILY = "1,2";
				TEST_TARGET_NAME = DesafioBornlogic;
			};
			name = Debug;
		};
		ABA4866F2BF38A8C00B65CB9 /* Release */ = {
			isa = XCBuildConfiguration;
			buildSettings = {
				ALWAYS_EMBED_SWIFT_STANDARD_LIBRARIES = YES;
				CODE_SIGN_STYLE = Automatic;
				CURRENT_PROJECT_VERSION = 1;
				GENERATE_INFOPLIST_FILE = YES;
				MARKETING_VERSION = 1.0;
				PRODUCT_BUNDLE_IDENTIFIER = andrearagao.DesafioBornlogicUITests;
				PRODUCT_NAME = "$(TARGET_NAME)";
				SWIFT_EMIT_LOC_STRINGS = NO;
				SWIFT_VERSION = 5.0;
				TARGETED_DEVICE_FAMILY = "1,2";
				TEST_TARGET_NAME = DesafioBornlogic;
			};
			name = Release;
		};
/* End XCBuildConfiguration section */

/* Begin XCConfigurationList section */
		ABA486382BF38A8800B65CB9 /* Build configuration list for PBXProject "DesafioBornlogic" */ = {
			isa = XCConfigurationList;
			buildConfigurations = (
				ABA486652BF38A8C00B65CB9 /* Debug */,
				ABA486662BF38A8C00B65CB9 /* Release */,
			);
			defaultConfigurationIsVisible = 0;
			defaultConfigurationName = Release;
		};
		ABA486672BF38A8C00B65CB9 /* Build configuration list for PBXNativeTarget "DesafioBornlogic" */ = {
			isa = XCConfigurationList;
			buildConfigurations = (
				ABA486682BF38A8C00B65CB9 /* Debug */,
				ABA486692BF38A8C00B65CB9 /* Release */,
			);
			defaultConfigurationIsVisible = 0;
			defaultConfigurationName = Release;
		};
		ABA4866A2BF38A8C00B65CB9 /* Build configuration list for PBXNativeTarget "DesafioBornlogicTests" */ = {
			isa = XCConfigurationList;
			buildConfigurations = (
				ABA4866B2BF38A8C00B65CB9 /* Debug */,
				ABA4866C2BF38A8C00B65CB9 /* Release */,
			);
			defaultConfigurationIsVisible = 0;
			defaultConfigurationName = Release;
		};
		ABA4866D2BF38A8C00B65CB9 /* Build configuration list for PBXNativeTarget "DesafioBornlogicUITests" */ = {
			isa = XCConfigurationList;
			buildConfigurations = (
				ABA4866E2BF38A8C00B65CB9 /* Debug */,
				ABA4866F2BF38A8C00B65CB9 /* Release */,
			);
			defaultConfigurationIsVisible = 0;
			defaultConfigurationName = Release;
		};
/* End XCConfigurationList section */
	};
	rootObject = ABA486352BF38A8800B65CB9 /* Project object */;
}
